PODS:
  - Font-Awesome-Swift (1.7.2)
  - SIAlertView (1.3)
  - SwiftLint (0.25.0)
  - TPKeyboardAvoiding (1.3.2)

DEPENDENCIES:
  - Font-Awesome-Swift (~> 1.7.2)
  - SIAlertView
  - SwiftLint
  - TPKeyboardAvoiding (~> 1.3)

SPEC CHECKSUMS:
  Font-Awesome-Swift: 83ab9db365379ee6025167cec67bdc5d3226a811
  SIAlertView: 20c794b55eaf44d888773ea51647cf8907723919
  SwiftLint: e14651157288e9e01d6e1a71db7014fb5744a8ea
  TPKeyboardAvoiding: cb69d5ddbe90ce0170e4bc2db1e5e41d4a3ad9a4

PODFILE CHECKSUM: 5c3a3c99212528ba302703f33d61691a292bea9b

COCOAPODS: 1.4.0
