// !$*UTF8*$!
{
	archiveVersion = 1;
	classes = {
	};
	objectVersion = 48;
	objects = {

/* Begin PBXBuildFile section */
		16995032DA99A45F27C9A2BE /* Pods_PospaneTests.framework in Frameworks */ = {isa = PBXBuildFile; fileRef = 38FCF7EB92B4E4D4EB0F4958 /* Pods_PospaneTests.framework */; };
		25BA288C7198A18519A3D50A /* Pods_Pospane.framework in Frameworks */ = {isa = PBXBuildFile; fileRef = 03C9C5C9F3E001D4DEFBF2E7 /* Pods_Pospane.framework */; };
		946A5F45A800897614397978 /* Pods_PospaneWatch_Extension.framework in Frameworks */ = {isa = PBXBuildFile; fileRef = 7C49487CA1C60BE04FFBB9FF /* Pods_PospaneWatch_Extension.framework */; };
		C4DE09FB332C1A6364816709 /* Pods_PospaneUITests.framework in Frameworks */ = {isa = PBXBuildFile; fileRef = F662546167969397F063E540 /* Pods_PospaneUITests.framework */; };
		CD1FE994ACACB4A66655ABD1 /* Pods_PospaneWatch.framework in Frameworks */ = {isa = PBXBuildFile; fileRef = 9852B39F8C4F8637A529CCBE /* Pods_PospaneWatch.framework */; };
		F919F3EC20B0A6F900C611D9 /* Sleeping.plist in Resources */ = {isa = PBXBuildFile; fileRef = F9DDFB10207FE1070037ECBC /* Sleeping.plist */; };
		F919F3ED20B0A7A800C611D9 /* Sleeping.plist in Resources */ = {isa = PBXBuildFile; fileRef = F9DDFB10207FE1070037ECBC /* Sleeping.plist */; };
		F930CA2F20571B4B0062B2AC /* AppDelegate.swift in Sources */ = {isa = PBXBuildFile; fileRef = F930CA2E20571B4B0062B2AC /* AppDelegate.swift */; };
		F930CA3120571B4B0062B2AC /* SleepViewController.swift in Sources */ = {isa = PBXBuildFile; fileRef = F930CA3020571B4B0062B2AC /* SleepViewController.swift */; };
		F930CA3320571B4B0062B2AC /* StatisticsViewController.swift in Sources */ = {isa = PBXBuildFile; fileRef = F930CA3220571B4B0062B2AC /* StatisticsViewController.swift */; };
		F930CA3620571B4B0062B2AC /* Main.storyboard in Resources */ = {isa = PBXBuildFile; fileRef = F930CA3420571B4B0062B2AC /* Main.storyboard */; };
		F930CA3820571B4B0062B2AC /* Assets.xcassets in Resources */ = {isa = PBXBuildFile; fileRef = F930CA3720571B4B0062B2AC /* Assets.xcassets */; };
		F930CA3B20571B4B0062B2AC /* LaunchScreen.storyboard in Resources */ = {isa = PBXBuildFile; fileRef = F930CA3920571B4B0062B2AC /* LaunchScreen.storyboard */; };
		F930CA4620571B4B0062B2AC /* PospaneTests.swift in Sources */ = {isa = PBXBuildFile; fileRef = F930CA4520571B4B0062B2AC /* PospaneTests.swift */; };
		F930CA5120571B4B0062B2AC /* PospaneUITests.swift in Sources */ = {isa = PBXBuildFile; fileRef = F930CA5020571B4B0062B2AC /* PospaneUITests.swift */; };
		F930CA6820571D750062B2AC /* Interface.storyboard in Resources */ = {isa = PBXBuildFile; fileRef = F930CA6620571D750062B2AC /* Interface.storyboard */; };
		F930CA6A20571D750062B2AC /* Assets.xcassets in Resources */ = {isa = PBXBuildFile; fileRef = F930CA6920571D750062B2AC /* Assets.xcassets */; };
		F930CA7120571D750062B2AC /* PospaneWatch Extension.appex in Embed App Extensions */ = {isa = PBXBuildFile; fileRef = F930CA7020571D750062B2AC /* PospaneWatch Extension.appex */; settings = {ATTRIBUTES = (RemoveHeadersOnCopy, ); }; };
		F930CA7620571D750062B2AC /* InterfaceController.swift in Sources */ = {isa = PBXBuildFile; fileRef = F930CA7520571D750062B2AC /* InterfaceController.swift */; };
		F930CA7820571D750062B2AC /* ExtensionDelegate.swift in Sources */ = {isa = PBXBuildFile; fileRef = F930CA7720571D750062B2AC /* ExtensionDelegate.swift */; };
		F930CA7A20571D750062B2AC /* NotificationController.swift in Sources */ = {isa = PBXBuildFile; fileRef = F930CA7920571D750062B2AC /* NotificationController.swift */; };
		F930CA7C20571D750062B2AC /* ComplicationController.swift in Sources */ = {isa = PBXBuildFile; fileRef = F930CA7B20571D750062B2AC /* ComplicationController.swift */; };
		F930CA7E20571D750062B2AC /* Assets.xcassets in Resources */ = {isa = PBXBuildFile; fileRef = F930CA7D20571D750062B2AC /* Assets.xcassets */; };
		F930CA8320571D750062B2AC /* PospaneWatch.app in Embed Watch Content */ = {isa = PBXBuildFile; fileRef = F930CA6420571D750062B2AC /* PospaneWatch.app */; };
		F94C681C20740500003E9FCE /* SleepModel.xcdatamodeld in Sources */ = {isa = PBXBuildFile; fileRef = F94C681A20740500003E9FCE /* SleepModel.xcdatamodeld */; };
		F94C681E2074094A003E9FCE /* HistoryViewController.swift in Sources */ = {isa = PBXBuildFile; fileRef = F94C681D2074094A003E9FCE /* HistoryViewController.swift */; };
		F94C682120741404003E9FCE /* HistoryInterfaceController.swift in Sources */ = {isa = PBXBuildFile; fileRef = F94C682020741404003E9FCE /* HistoryInterfaceController.swift */; };
		F94C682320741479003E9FCE /* ConfirmInterfaceController.swift in Sources */ = {isa = PBXBuildFile; fileRef = F94C682220741479003E9FCE /* ConfirmInterfaceController.swift */; };
		F94C6825207414AD003E9FCE /* AsleepTimeSetterInterfaceController.swift in Sources */ = {isa = PBXBuildFile; fileRef = F94C6824207414AD003E9FCE /* AsleepTimeSetterInterfaceController.swift */; };
		F950B8A52131C25200A4DB7A /* HistoryTableViewCell.swift in Sources */ = {isa = PBXBuildFile; fileRef = F950B8A42131C25200A4DB7A /* HistoryTableViewCell.swift */; };
		F964002520867347009BBA3C /* Constants.swift in Sources */ = {isa = PBXBuildFile; fileRef = F964002420867347009BBA3C /* Constants.swift */; };
		F964002620867371009BBA3C /* Constants.swift in Sources */ = {isa = PBXBuildFile; fileRef = F964002420867347009BBA3C /* Constants.swift */; };
		F98B863F2061A0B80087DB36 /* HealthKit.framework in Frameworks */ = {isa = PBXBuildFile; fileRef = F98B863E2061A0B80087DB36 /* HealthKit.framework */; };
		F9A7884A2067E69600513B1A /* GetStartedOnbardingViewController.swift in Sources */ = {isa = PBXBuildFile; fileRef = F9A788462067E69600513B1A /* GetStartedOnbardingViewController.swift */; };
		F9A7884B2067E69600513B1A /* NotificationsOnboardingViewController.swift in Sources */ = {isa = PBXBuildFile; fileRef = F9A788472067E69600513B1A /* NotificationsOnboardingViewController.swift */; };
		F9A7884C2067E69600513B1A /* PageViewContainerViewController.swift in Sources */ = {isa = PBXBuildFile; fileRef = F9A788482067E69600513B1A /* PageViewContainerViewController.swift */; };
		F9A7884D2067E69600513B1A /* HealthKitOnbardingViewController.swift in Sources */ = {isa = PBXBuildFile; fileRef = F9A788492067E69600513B1A /* HealthKitOnbardingViewController.swift */; };
		F9A788502067E9CD00513B1A /* Appearance.swift in Sources */ = {isa = PBXBuildFile; fileRef = F9A7884F2067E9CD00513B1A /* Appearance.swift */; };
		F9CCF0EF2067B38E001D90D2 /* Onboarding.storyboard in Resources */ = {isa = PBXBuildFile; fileRef = F9CCF0EE2067B38E001D90D2 /* Onboarding.storyboard */; };
		F9CCF1002067BB48001D90D2 /* UIConstants.swift in Sources */ = {isa = PBXBuildFile; fileRef = F9CCF0FF2067BB48001D90D2 /* UIConstants.swift */; };
		F9CCF1012067BB48001D90D2 /* UIConstants.swift in Sources */ = {isa = PBXBuildFile; fileRef = F9CCF0FF2067BB48001D90D2 /* UIConstants.swift */; };
		F9CCF1022067BB48001D90D2 /* UIConstants.swift in Sources */ = {isa = PBXBuildFile; fileRef = F9CCF0FF2067BB48001D90D2 /* UIConstants.swift */; };
		F9CCF1032067BB48001D90D2 /* UIConstants.swift in Sources */ = {isa = PBXBuildFile; fileRef = F9CCF0FF2067BB48001D90D2 /* UIConstants.swift */; };
		F9D1414E2076B05400667255 /* SleepSession.swift in Sources */ = {isa = PBXBuildFile; fileRef = F9D1414D2076B05400667255 /* SleepSession.swift */; };
		F9DDFB11207FE1070037ECBC /* Sleeping.plist in Resources */ = {isa = PBXBuildFile; fileRef = F9DDFB10207FE1070037ECBC /* Sleeping.plist */; };
		F9DDFB12207FEA970037ECBC /* Helpers.swift in Sources */ = {isa = PBXBuildFile; fileRef = F9DED0B5207D514E00202C4E /* Helpers.swift */; };
		F9DED0B4207D469F00202C4E /* SleepSession.swift in Sources */ = {isa = PBXBuildFile; fileRef = F9D1414D2076B05400667255 /* SleepSession.swift */; };
		F9DED0B6207D514E00202C4E /* Helpers.swift in Sources */ = {isa = PBXBuildFile; fileRef = F9DED0B5207D514E00202C4E /* Helpers.swift */; };
/* End PBXBuildFile section */

/* Begin PBXContainerItemProxy section */
		F930CA4220571B4B0062B2AC /* PBXContainerItemProxy */ = {
			isa = PBXContainerItemProxy;
			containerPortal = F930CA2320571B4B0062B2AC /* Project object */;
			proxyType = 1;
			remoteGlobalIDString = F930CA2A20571B4B0062B2AC;
			remoteInfo = Pospane;
		};
		F930CA4D20571B4B0062B2AC /* PBXContainerItemProxy */ = {
			isa = PBXContainerItemProxy;
			containerPortal = F930CA2320571B4B0062B2AC /* Project object */;
			proxyType = 1;
			remoteGlobalIDString = F930CA2A20571B4B0062B2AC;
			remoteInfo = Pospane;
		};
		F930CA7220571D750062B2AC /* PBXContainerItemProxy */ = {
			isa = PBXContainerItemProxy;
			containerPortal = F930CA2320571B4B0062B2AC /* Project object */;
			proxyType = 1;
			remoteGlobalIDString = F930CA6F20571D750062B2AC;
			remoteInfo = "PospaneWatch Extension";
		};
		F930CA8120571D750062B2AC /* PBXContainerItemProxy */ = {
			isa = PBXContainerItemProxy;
			containerPortal = F930CA2320571B4B0062B2AC /* Project object */;
			proxyType = 1;
			remoteGlobalIDString = F930CA6320571D750062B2AC;
			remoteInfo = PospaneWatch;
		};
/* End PBXContainerItemProxy section */

/* Begin PBXCopyFilesBuildPhase section */
		F930CA8920571D750062B2AC /* Embed App Extensions */ = {
			isa = PBXCopyFilesBuildPhase;
			buildActionMask = 2147483647;
			dstPath = "";
			dstSubfolderSpec = 13;
			files = (
				F930CA7120571D750062B2AC /* PospaneWatch Extension.appex in Embed App Extensions */,
			);
			name = "Embed App Extensions";
			runOnlyForDeploymentPostprocessing = 0;
		};
		F930CA8B20571D750062B2AC /* Embed Watch Content */ = {
			isa = PBXCopyFilesBuildPhase;
			buildActionMask = 2147483647;
			dstPath = "$(CONTENTS_FOLDER_PATH)/Watch";
			dstSubfolderSpec = 16;
			files = (
				F930CA8320571D750062B2AC /* PospaneWatch.app in Embed Watch Content */,
			);
			name = "Embed Watch Content";
			runOnlyForDeploymentPostprocessing = 0;
		};
/* End PBXCopyFilesBuildPhase section */

/* Begin PBXFileReference section */
		03C9C5C9F3E001D4DEFBF2E7 /* Pods_Pospane.framework */ = {isa = PBXFileReference; explicitFileType = wrapper.framework; includeInIndex = 0; path = Pods_Pospane.framework; sourceTree = BUILT_PRODUCTS_DIR; };
		162BEBB6CD8F55392CA7FB9C /* Pods-PospaneWatch.release.xcconfig */ = {isa = PBXFileReference; includeInIndex = 1; lastKnownFileType = text.xcconfig; name = "Pods-PospaneWatch.release.xcconfig"; path = "Pods/Target Support Files/Pods-PospaneWatch/Pods-PospaneWatch.release.xcconfig"; sourceTree = "<group>"; };
		38FCF7EB92B4E4D4EB0F4958 /* Pods_PospaneTests.framework */ = {isa = PBXFileReference; explicitFileType = wrapper.framework; includeInIndex = 0; path = Pods_PospaneTests.framework; sourceTree = BUILT_PRODUCTS_DIR; };
		44B97406A5AC775A7666436C /* Pods-PospaneTests.debug.xcconfig */ = {isa = PBXFileReference; includeInIndex = 1; lastKnownFileType = text.xcconfig; name = "Pods-PospaneTests.debug.xcconfig"; path = "Pods/Target Support Files/Pods-PospaneTests/Pods-PospaneTests.debug.xcconfig"; sourceTree = "<group>"; };
		5ADCD997244BB55689D3925E /* Pods-PospaneUITests.debug.xcconfig */ = {isa = PBXFileReference; includeInIndex = 1; lastKnownFileType = text.xcconfig; name = "Pods-PospaneUITests.debug.xcconfig"; path = "Pods/Target Support Files/Pods-PospaneUITests/Pods-PospaneUITests.debug.xcconfig"; sourceTree = "<group>"; };
		7C49487CA1C60BE04FFBB9FF /* Pods_PospaneWatch_Extension.framework */ = {isa = PBXFileReference; explicitFileType = wrapper.framework; includeInIndex = 0; path = Pods_PospaneWatch_Extension.framework; sourceTree = BUILT_PRODUCTS_DIR; };
		7DC077CC482D20B5DB129E2C /* Pods-Pospane.debug.xcconfig */ = {isa = PBXFileReference; includeInIndex = 1; lastKnownFileType = text.xcconfig; name = "Pods-Pospane.debug.xcconfig"; path = "Pods/Target Support Files/Pods-Pospane/Pods-Pospane.debug.xcconfig"; sourceTree = "<group>"; };
		80FD0F48CEBE13BEBBED9EBE /* Pods-PospaneTests.release.xcconfig */ = {isa = PBXFileReference; includeInIndex = 1; lastKnownFileType = text.xcconfig; name = "Pods-PospaneTests.release.xcconfig"; path = "Pods/Target Support Files/Pods-PospaneTests/Pods-PospaneTests.release.xcconfig"; sourceTree = "<group>"; };
		8CF13116F3F10259838FC772 /* Pods-PospaneWatch Extension.release.xcconfig */ = {isa = PBXFileReference; includeInIndex = 1; lastKnownFileType = text.xcconfig; name = "Pods-PospaneWatch Extension.release.xcconfig"; path = "Pods/Target Support Files/Pods-PospaneWatch Extension/Pods-PospaneWatch Extension.release.xcconfig"; sourceTree = "<group>"; };
		92717C6AC0916A7E6B85B336 /* Pods-PospaneWatch Extension.debug.xcconfig */ = {isa = PBXFileReference; includeInIndex = 1; lastKnownFileType = text.xcconfig; name = "Pods-PospaneWatch Extension.debug.xcconfig"; path = "Pods/Target Support Files/Pods-PospaneWatch Extension/Pods-PospaneWatch Extension.debug.xcconfig"; sourceTree = "<group>"; };
		9852B39F8C4F8637A529CCBE /* Pods_PospaneWatch.framework */ = {isa = PBXFileReference; explicitFileType = wrapper.framework; includeInIndex = 0; path = Pods_PospaneWatch.framework; sourceTree = BUILT_PRODUCTS_DIR; };
		A761A98E13F87582742942A6 /* Pods-PospaneUITests.release.xcconfig */ = {isa = PBXFileReference; includeInIndex = 1; lastKnownFileType = text.xcconfig; name = "Pods-PospaneUITests.release.xcconfig"; path = "Pods/Target Support Files/Pods-PospaneUITests/Pods-PospaneUITests.release.xcconfig"; sourceTree = "<group>"; };
		A810633CD0766BFBEF17A87A /* Pods-Pospane.release.xcconfig */ = {isa = PBXFileReference; includeInIndex = 1; lastKnownFileType = text.xcconfig; name = "Pods-Pospane.release.xcconfig"; path = "Pods/Target Support Files/Pods-Pospane/Pods-Pospane.release.xcconfig"; sourceTree = "<group>"; };
		C3CB844DCC579A53CD984013 /* Pods-PospaneWatch.debug.xcconfig */ = {isa = PBXFileReference; includeInIndex = 1; lastKnownFileType = text.xcconfig; name = "Pods-PospaneWatch.debug.xcconfig"; path = "Pods/Target Support Files/Pods-PospaneWatch/Pods-PospaneWatch.debug.xcconfig"; sourceTree = "<group>"; };
		F662546167969397F063E540 /* Pods_PospaneUITests.framework */ = {isa = PBXFileReference; explicitFileType = wrapper.framework; includeInIndex = 0; path = Pods_PospaneUITests.framework; sourceTree = BUILT_PRODUCTS_DIR; };
		F930CA2B20571B4B0062B2AC /* Pospane.app */ = {isa = PBXFileReference; explicitFileType = wrapper.application; includeInIndex = 0; path = Pospane.app; sourceTree = BUILT_PRODUCTS_DIR; };
		F930CA2E20571B4B0062B2AC /* AppDelegate.swift */ = {isa = PBXFileReference; lastKnownFileType = sourcecode.swift; path = AppDelegate.swift; sourceTree = "<group>"; };
		F930CA3020571B4B0062B2AC /* SleepViewController.swift */ = {isa = PBXFileReference; lastKnownFileType = sourcecode.swift; path = SleepViewController.swift; sourceTree = "<group>"; };
		F930CA3220571B4B0062B2AC /* StatisticsViewController.swift */ = {isa = PBXFileReference; lastKnownFileType = sourcecode.swift; path = StatisticsViewController.swift; sourceTree = "<group>"; };
		F930CA3520571B4B0062B2AC /* Base */ = {isa = PBXFileReference; lastKnownFileType = file.storyboard; name = Base; path = Base.lproj/Main.storyboard; sourceTree = "<group>"; };
		F930CA3720571B4B0062B2AC /* Assets.xcassets */ = {isa = PBXFileReference; lastKnownFileType = folder.assetcatalog; path = Assets.xcassets; sourceTree = "<group>"; };
		F930CA3A20571B4B0062B2AC /* Base */ = {isa = PBXFileReference; lastKnownFileType = file.storyboard; name = Base; path = Base.lproj/LaunchScreen.storyboard; sourceTree = "<group>"; };
		F930CA3C20571B4B0062B2AC /* Info.plist */ = {isa = PBXFileReference; lastKnownFileType = text.plist.xml; path = Info.plist; sourceTree = "<group>"; };
		F930CA4120571B4B0062B2AC /* PospaneTests.xctest */ = {isa = PBXFileReference; explicitFileType = wrapper.cfbundle; includeInIndex = 0; path = PospaneTests.xctest; sourceTree = BUILT_PRODUCTS_DIR; };
		F930CA4520571B4B0062B2AC /* PospaneTests.swift */ = {isa = PBXFileReference; lastKnownFileType = sourcecode.swift; path = PospaneTests.swift; sourceTree = "<group>"; };
		F930CA4720571B4B0062B2AC /* Info.plist */ = {isa = PBXFileReference; lastKnownFileType = text.plist.xml; path = Info.plist; sourceTree = "<group>"; };
		F930CA4C20571B4B0062B2AC /* PospaneUITests.xctest */ = {isa = PBXFileReference; explicitFileType = wrapper.cfbundle; includeInIndex = 0; path = PospaneUITests.xctest; sourceTree = BUILT_PRODUCTS_DIR; };
		F930CA5020571B4B0062B2AC /* PospaneUITests.swift */ = {isa = PBXFileReference; lastKnownFileType = sourcecode.swift; path = PospaneUITests.swift; sourceTree = "<group>"; };
		F930CA5220571B4B0062B2AC /* Info.plist */ = {isa = PBXFileReference; lastKnownFileType = text.plist.xml; path = Info.plist; sourceTree = "<group>"; };
		F930CA5E20571B610062B2AC /* Pospane.entitlements */ = {isa = PBXFileReference; lastKnownFileType = text.plist.entitlements; path = Pospane.entitlements; sourceTree = "<group>"; };
		F930CA6420571D750062B2AC /* PospaneWatch.app */ = {isa = PBXFileReference; explicitFileType = wrapper.application; includeInIndex = 0; path = PospaneWatch.app; sourceTree = BUILT_PRODUCTS_DIR; };
		F930CA6720571D750062B2AC /* Base */ = {isa = PBXFileReference; lastKnownFileType = file.storyboard; name = Base; path = Base.lproj/Interface.storyboard; sourceTree = "<group>"; };
		F930CA6920571D750062B2AC /* Assets.xcassets */ = {isa = PBXFileReference; lastKnownFileType = folder.assetcatalog; path = Assets.xcassets; sourceTree = "<group>"; };
		F930CA6B20571D750062B2AC /* Info.plist */ = {isa = PBXFileReference; lastKnownFileType = text.plist.xml; path = Info.plist; sourceTree = "<group>"; };
		F930CA7020571D750062B2AC /* PospaneWatch Extension.appex */ = {isa = PBXFileReference; explicitFileType = "wrapper.app-extension"; includeInIndex = 0; path = "PospaneWatch Extension.appex"; sourceTree = BUILT_PRODUCTS_DIR; };
		F930CA7520571D750062B2AC /* InterfaceController.swift */ = {isa = PBXFileReference; lastKnownFileType = sourcecode.swift; path = InterfaceController.swift; sourceTree = "<group>"; };
		F930CA7720571D750062B2AC /* ExtensionDelegate.swift */ = {isa = PBXFileReference; lastKnownFileType = sourcecode.swift; path = ExtensionDelegate.swift; sourceTree = "<group>"; };
		F930CA7920571D750062B2AC /* NotificationController.swift */ = {isa = PBXFileReference; lastKnownFileType = sourcecode.swift; path = NotificationController.swift; sourceTree = "<group>"; };
		F930CA7B20571D750062B2AC /* ComplicationController.swift */ = {isa = PBXFileReference; lastKnownFileType = sourcecode.swift; path = ComplicationController.swift; sourceTree = "<group>"; };
		F930CA7D20571D750062B2AC /* Assets.xcassets */ = {isa = PBXFileReference; lastKnownFileType = folder.assetcatalog; path = Assets.xcassets; sourceTree = "<group>"; };
		F930CA7F20571D750062B2AC /* Info.plist */ = {isa = PBXFileReference; lastKnownFileType = text.plist.xml; path = Info.plist; sourceTree = "<group>"; };
		F930CA8020571D750062B2AC /* PushNotificationPayload.apns */ = {isa = PBXFileReference; lastKnownFileType = text; path = PushNotificationPayload.apns; sourceTree = "<group>"; };
		F930CA8C20571E5F0062B2AC /* PospaneWatch Extension.entitlements */ = {isa = PBXFileReference; lastKnownFileType = text.plist.entitlements; path = "PospaneWatch Extension.entitlements"; sourceTree = "<group>"; };
		F94C681B20740500003E9FCE /* SleepModel.xcdatamodel */ = {isa = PBXFileReference; lastKnownFileType = wrapper.xcdatamodel; path = SleepModel.xcdatamodel; sourceTree = "<group>"; };
		F94C681D2074094A003E9FCE /* HistoryViewController.swift */ = {isa = PBXFileReference; lastKnownFileType = sourcecode.swift; path = HistoryViewController.swift; sourceTree = "<group>"; };
		F94C682020741404003E9FCE /* HistoryInterfaceController.swift */ = {isa = PBXFileReference; lastKnownFileType = sourcecode.swift; path = HistoryInterfaceController.swift; sourceTree = "<group>"; };
		F94C682220741479003E9FCE /* ConfirmInterfaceController.swift */ = {isa = PBXFileReference; lastKnownFileType = sourcecode.swift; path = ConfirmInterfaceController.swift; sourceTree = "<group>"; };
		F94C6824207414AD003E9FCE /* AsleepTimeSetterInterfaceController.swift */ = {isa = PBXFileReference; lastKnownFileType = sourcecode.swift; path = AsleepTimeSetterInterfaceController.swift; sourceTree = "<group>"; };
		F950B8A42131C25200A4DB7A /* HistoryTableViewCell.swift */ = {isa = PBXFileReference; lastKnownFileType = sourcecode.swift; path = HistoryTableViewCell.swift; sourceTree = "<group>"; };
		F964002420867347009BBA3C /* Constants.swift */ = {isa = PBXFileReference; lastKnownFileType = sourcecode.swift; path = Constants.swift; sourceTree = "<group>"; };
		F98B863E2061A0B80087DB36 /* HealthKit.framework */ = {isa = PBXFileReference; lastKnownFileType = wrapper.framework; name = HealthKit.framework; path = System/Library/Frameworks/HealthKit.framework; sourceTree = SDKROOT; };
		F9A788462067E69600513B1A /* GetStartedOnbardingViewController.swift */ = {isa = PBXFileReference; lastKnownFileType = sourcecode.swift; path = GetStartedOnbardingViewController.swift; sourceTree = "<group>"; };
		F9A788472067E69600513B1A /* NotificationsOnboardingViewController.swift */ = {isa = PBXFileReference; lastKnownFileType = sourcecode.swift; path = NotificationsOnboardingViewController.swift; sourceTree = "<group>"; };
		F9A788482067E69600513B1A /* PageViewContainerViewController.swift */ = {isa = PBXFileReference; lastKnownFileType = sourcecode.swift; path = PageViewContainerViewController.swift; sourceTree = "<group>"; };
		F9A788492067E69600513B1A /* HealthKitOnbardingViewController.swift */ = {isa = PBXFileReference; lastKnownFileType = sourcecode.swift; path = HealthKitOnbardingViewController.swift; sourceTree = "<group>"; };
		F9A7884F2067E9CD00513B1A /* Appearance.swift */ = {isa = PBXFileReference; fileEncoding = 4; lastKnownFileType = sourcecode.swift; path = Appearance.swift; sourceTree = "<group>"; };
		F9CCF0EE2067B38E001D90D2 /* Onboarding.storyboard */ = {isa = PBXFileReference; lastKnownFileType = file.storyboard; path = Onboarding.storyboard; sourceTree = "<group>"; };
		F9CCF0FF2067BB48001D90D2 /* UIConstants.swift */ = {isa = PBXFileReference; fileEncoding = 4; lastKnownFileType = sourcecode.swift; name = UIConstants.swift; path = Pospane/UIConstants.swift; sourceTree = SOURCE_ROOT; };
		F9D1414D2076B05400667255 /* SleepSession.swift */ = {isa = PBXFileReference; lastKnownFileType = sourcecode.swift; path = SleepSession.swift; sourceTree = "<group>"; };
		F9DDFB10207FE1070037ECBC /* Sleeping.plist */ = {isa = PBXFileReference; lastKnownFileType = text.plist.xml; path = Sleeping.plist; sourceTree = "<group>"; };
		F9DED0B5207D514E00202C4E /* Helpers.swift */ = {isa = PBXFileReference; lastKnownFileType = sourcecode.swift; path = Helpers.swift; sourceTree = "<group>"; };
/* End PBXFileReference section */

/* Begin PBXFrameworksBuildPhase section */
		467F767AF8D20F0DF644DF5C /* Frameworks */ = {
			isa = PBXFrameworksBuildPhase;
			buildActionMask = 2147483647;
			files = (
				CD1FE994ACACB4A66655ABD1 /* Pods_PospaneWatch.framework in Frameworks */,
			);
			runOnlyForDeploymentPostprocessing = 0;
		};
		F930CA2820571B4B0062B2AC /* Frameworks */ = {
			isa = PBXFrameworksBuildPhase;
			buildActionMask = 2147483647;
			files = (
				F98B863F2061A0B80087DB36 /* HealthKit.framework in Frameworks */,
				25BA288C7198A18519A3D50A /* Pods_Pospane.framework in Frameworks */,
			);
			runOnlyForDeploymentPostprocessing = 0;
		};
		F930CA3E20571B4B0062B2AC /* Frameworks */ = {
			isa = PBXFrameworksBuildPhase;
			buildActionMask = 2147483647;
			files = (
				16995032DA99A45F27C9A2BE /* Pods_PospaneTests.framework in Frameworks */,
			);
			runOnlyForDeploymentPostprocessing = 0;
		};
		F930CA4920571B4B0062B2AC /* Frameworks */ = {
			isa = PBXFrameworksBuildPhase;
			buildActionMask = 2147483647;
			files = (
				C4DE09FB332C1A6364816709 /* Pods_PospaneUITests.framework in Frameworks */,
			);
			runOnlyForDeploymentPostprocessing = 0;
		};
		F930CA6D20571D750062B2AC /* Frameworks */ = {
			isa = PBXFrameworksBuildPhase;
			buildActionMask = 2147483647;
			files = (
				946A5F45A800897614397978 /* Pods_PospaneWatch_Extension.framework in Frameworks */,
			);
			runOnlyForDeploymentPostprocessing = 0;
		};
/* End PBXFrameworksBuildPhase section */

/* Begin PBXGroup section */
		3DC1EAB743241E543B90B03E /* Pods */ = {
			isa = PBXGroup;
			children = (
				7DC077CC482D20B5DB129E2C /* Pods-Pospane.debug.xcconfig */,
				A810633CD0766BFBEF17A87A /* Pods-Pospane.release.xcconfig */,
				44B97406A5AC775A7666436C /* Pods-PospaneTests.debug.xcconfig */,
				80FD0F48CEBE13BEBBED9EBE /* Pods-PospaneTests.release.xcconfig */,
				5ADCD997244BB55689D3925E /* Pods-PospaneUITests.debug.xcconfig */,
				A761A98E13F87582742942A6 /* Pods-PospaneUITests.release.xcconfig */,
				C3CB844DCC579A53CD984013 /* Pods-PospaneWatch.debug.xcconfig */,
				162BEBB6CD8F55392CA7FB9C /* Pods-PospaneWatch.release.xcconfig */,
				92717C6AC0916A7E6B85B336 /* Pods-PospaneWatch Extension.debug.xcconfig */,
				8CF13116F3F10259838FC772 /* Pods-PospaneWatch Extension.release.xcconfig */,
			);
			name = Pods;
			sourceTree = "<group>";
		};
		F930CA2220571B4B0062B2AC = {
			isa = PBXGroup;
			children = (
				F930CA2D20571B4B0062B2AC /* Pospane */,
				F930CA4420571B4B0062B2AC /* PospaneTests */,
				F930CA4F20571B4B0062B2AC /* PospaneUITests */,
				F930CA6520571D750062B2AC /* PospaneWatch */,
				F930CA7420571D750062B2AC /* PospaneWatch Extension */,
				F930CA2C20571B4B0062B2AC /* Products */,
				F930CA5F20571B610062B2AC /* Frameworks */,
				3DC1EAB743241E543B90B03E /* Pods */,
			);
			sourceTree = "<group>";
		};
		F930CA2C20571B4B0062B2AC /* Products */ = {
			isa = PBXGroup;
			children = (
				F930CA2B20571B4B0062B2AC /* Pospane.app */,
				F930CA4120571B4B0062B2AC /* PospaneTests.xctest */,
				F930CA4C20571B4B0062B2AC /* PospaneUITests.xctest */,
				F930CA6420571D750062B2AC /* PospaneWatch.app */,
				F930CA7020571D750062B2AC /* PospaneWatch Extension.appex */,
			);
			name = Products;
			sourceTree = "<group>";
		};
		F930CA2D20571B4B0062B2AC /* Pospane */ = {
			isa = PBXGroup;
			children = (
				F930CA2E20571B4B0062B2AC /* AppDelegate.swift */,
				F94C6819207404AD003E9FCE /* Persistence */,
				F9D1414C2076B02700667255 /* Model */,
				F9CCF1042067BD65001D90D2 /* ViewControllers */,
				F9CCF0F02067B5D4001D90D2 /* Common */,
				F9CCF0ED2067B36E001D90D2 /* Storyboards */,
				F930CA5E20571B610062B2AC /* Pospane.entitlements */,
				F930CA3720571B4B0062B2AC /* Assets.xcassets */,
				F930CA3C20571B4B0062B2AC /* Info.plist */,
			);
			path = Pospane;
			sourceTree = "<group>";
		};
		F930CA4420571B4B0062B2AC /* PospaneTests */ = {
			isa = PBXGroup;
			children = (
				F930CA4520571B4B0062B2AC /* PospaneTests.swift */,
				F930CA4720571B4B0062B2AC /* Info.plist */,
			);
			path = PospaneTests;
			sourceTree = "<group>";
		};
		F930CA4F20571B4B0062B2AC /* PospaneUITests */ = {
			isa = PBXGroup;
			children = (
				F930CA5020571B4B0062B2AC /* PospaneUITests.swift */,
				F930CA5220571B4B0062B2AC /* Info.plist */,
			);
			path = PospaneUITests;
			sourceTree = "<group>";
		};
		F930CA5F20571B610062B2AC /* Frameworks */ = {
			isa = PBXGroup;
			children = (
				F98B863E2061A0B80087DB36 /* HealthKit.framework */,
				03C9C5C9F3E001D4DEFBF2E7 /* Pods_Pospane.framework */,
				38FCF7EB92B4E4D4EB0F4958 /* Pods_PospaneTests.framework */,
				F662546167969397F063E540 /* Pods_PospaneUITests.framework */,
				9852B39F8C4F8637A529CCBE /* Pods_PospaneWatch.framework */,
				7C49487CA1C60BE04FFBB9FF /* Pods_PospaneWatch_Extension.framework */,
			);
			name = Frameworks;
			sourceTree = "<group>";
		};
		F930CA6520571D750062B2AC /* PospaneWatch */ = {
			isa = PBXGroup;
			children = (
				F930CA6620571D750062B2AC /* Interface.storyboard */,
				F930CA6920571D750062B2AC /* Assets.xcassets */,
				F930CA6B20571D750062B2AC /* Info.plist */,
				F9DDFB10207FE1070037ECBC /* Sleeping.plist */,
			);
			path = PospaneWatch;
			sourceTree = "<group>";
		};
		F930CA7420571D750062B2AC /* PospaneWatch Extension */ = {
			isa = PBXGroup;
			children = (
				F94C681F207413D6003E9FCE /* Interfaces */,
				F930CA8C20571E5F0062B2AC /* PospaneWatch Extension.entitlements */,
				F930CA7720571D750062B2AC /* ExtensionDelegate.swift */,
				F930CA7920571D750062B2AC /* NotificationController.swift */,
				F930CA7B20571D750062B2AC /* ComplicationController.swift */,
				F930CA7D20571D750062B2AC /* Assets.xcassets */,
				F930CA7F20571D750062B2AC /* Info.plist */,
				F930CA8020571D750062B2AC /* PushNotificationPayload.apns */,
			);
			path = "PospaneWatch Extension";
			sourceTree = "<group>";
		};
		F94C6819207404AD003E9FCE /* Persistence */ = {
			isa = PBXGroup;
			children = (
				F94C681A20740500003E9FCE /* SleepModel.xcdatamodeld */,
			);
			path = Persistence;
			sourceTree = "<group>";
		};
		F94C681F207413D6003E9FCE /* Interfaces */ = {
			isa = PBXGroup;
			children = (
				F930CA7520571D750062B2AC /* InterfaceController.swift */,
				F94C682020741404003E9FCE /* HistoryInterfaceController.swift */,
				F94C682220741479003E9FCE /* ConfirmInterfaceController.swift */,
				F94C6824207414AD003E9FCE /* AsleepTimeSetterInterfaceController.swift */,
			);
			path = Interfaces;
			sourceTree = "<group>";
		};
		F950B8A12131C1E100A4DB7A /* Cells */ = {
			isa = PBXGroup;
			children = (
				F950B8A42131C25200A4DB7A /* HistoryTableViewCell.swift */,
			);
			path = Cells;
			sourceTree = "<group>";
		};
		F9A7884E2067E6A000513B1A /* Onboarding */ = {
			isa = PBXGroup;
			children = (
				F9A788462067E69600513B1A /* GetStartedOnbardingViewController.swift */,
				F9A788492067E69600513B1A /* HealthKitOnbardingViewController.swift */,
				F9A788472067E69600513B1A /* NotificationsOnboardingViewController.swift */,
				F9A788482067E69600513B1A /* PageViewContainerViewController.swift */,
			);
			path = Onboarding;
			sourceTree = "<group>";
		};
		F9CCF0ED2067B36E001D90D2 /* Storyboards */ = {
			isa = PBXGroup;
			children = (
				F930CA3420571B4B0062B2AC /* Main.storyboard */,
				F930CA3920571B4B0062B2AC /* LaunchScreen.storyboard */,
				F9CCF0EE2067B38E001D90D2 /* Onboarding.storyboard */,
			);
			path = Storyboards;
			sourceTree = "<group>";
		};
		F9CCF0F02067B5D4001D90D2 /* Common */ = {
			isa = PBXGroup;
			children = (
				F9A7884F2067E9CD00513B1A /* Appearance.swift */,
				F9CCF0FF2067BB48001D90D2 /* UIConstants.swift */,
				F9DED0B5207D514E00202C4E /* Helpers.swift */,
				F964002420867347009BBA3C /* Constants.swift */,
			);
			path = Common;
			sourceTree = "<group>";
		};
		F9CCF1042067BD65001D90D2 /* ViewControllers */ = {
			isa = PBXGroup;
			children = (
				F9A7884E2067E6A000513B1A /* Onboarding */,
				F9CCF1152067C339001D90D2 /* Main */,
			);
			path = ViewControllers;
			sourceTree = "<group>";
		};
		F9CCF1152067C339001D90D2 /* Main */ = {
			isa = PBXGroup;
			children = (
				F950B8A12131C1E100A4DB7A /* Cells */,
				F930CA3020571B4B0062B2AC /* SleepViewController.swift */,
				F930CA3220571B4B0062B2AC /* StatisticsViewController.swift */,
				F94C681D2074094A003E9FCE /* HistoryViewController.swift */,
			);
			path = Main;
			sourceTree = "<group>";
		};
		F9D1414C2076B02700667255 /* Model */ = {
			isa = PBXGroup;
			children = (
				F9D1414D2076B05400667255 /* SleepSession.swift */,
			);
			path = Model;
			sourceTree = "<group>";
		};
/* End PBXGroup section */

/* Begin PBXNativeTarget section */
		F930CA2A20571B4B0062B2AC /* Pospane */ = {
			isa = PBXNativeTarget;
			buildConfigurationList = F930CA5520571B4B0062B2AC /* Build configuration list for PBXNativeTarget "Pospane" */;
			buildPhases = (
				AFC86357BC090A686B93C6FE /* [CP] Check Pods Manifest.lock */,
				F930CA2720571B4B0062B2AC /* Sources */,
				F930CA2820571B4B0062B2AC /* Frameworks */,
				F930CA2920571B4B0062B2AC /* Resources */,
				F930CA8B20571D750062B2AC /* Embed Watch Content */,
				739443D59B4119C6933401E2 /* [CP] Embed Pods Frameworks */,
				707E1A9D7BCF1B99F6B7CB44 /* [CP] Copy Pods Resources */,
				F93E570420598164000BFFA0 /* SwiftLint */,
			);
			buildRules = (
			);
			dependencies = (
				F930CA8220571D750062B2AC /* PBXTargetDependency */,
			);
			name = Pospane;
			productName = Pospane;
			productReference = F930CA2B20571B4B0062B2AC /* Pospane.app */;
			productType = "com.apple.product-type.application";
		};
		F930CA4020571B4B0062B2AC /* PospaneTests */ = {
			isa = PBXNativeTarget;
			buildConfigurationList = F930CA5820571B4B0062B2AC /* Build configuration list for PBXNativeTarget "PospaneTests" */;
			buildPhases = (
				87E7222BE609BA59694C14CB /* [CP] Check Pods Manifest.lock */,
				F930CA3D20571B4B0062B2AC /* Sources */,
				F930CA3E20571B4B0062B2AC /* Frameworks */,
				F930CA3F20571B4B0062B2AC /* Resources */,
				414402A99B4B6DB8C238D261 /* [CP] Embed Pods Frameworks */,
				477EC0DCE573AFD17422ACC8 /* [CP] Copy Pods Resources */,
			);
			buildRules = (
			);
			dependencies = (
				F930CA4320571B4B0062B2AC /* PBXTargetDependency */,
			);
			name = PospaneTests;
			productName = PospaneTests;
			productReference = F930CA4120571B4B0062B2AC /* PospaneTests.xctest */;
			productType = "com.apple.product-type.bundle.unit-test";
		};
		F930CA4B20571B4B0062B2AC /* PospaneUITests */ = {
			isa = PBXNativeTarget;
			buildConfigurationList = F930CA5B20571B4B0062B2AC /* Build configuration list for PBXNativeTarget "PospaneUITests" */;
			buildPhases = (
				828A2AF8FA71DE7DB7876FD7 /* [CP] Check Pods Manifest.lock */,
				F930CA4820571B4B0062B2AC /* Sources */,
				F930CA4920571B4B0062B2AC /* Frameworks */,
				F930CA4A20571B4B0062B2AC /* Resources */,
				195B7BCCE1AABEA60FE8FCD2 /* [CP] Embed Pods Frameworks */,
				6B5FF28544597BD69260AF8C /* [CP] Copy Pods Resources */,
			);
			buildRules = (
			);
			dependencies = (
				F930CA4E20571B4B0062B2AC /* PBXTargetDependency */,
			);
			name = PospaneUITests;
			productName = PospaneUITests;
			productReference = F930CA4C20571B4B0062B2AC /* PospaneUITests.xctest */;
			productType = "com.apple.product-type.bundle.ui-testing";
		};
		F930CA6320571D750062B2AC /* PospaneWatch */ = {
			isa = PBXNativeTarget;
			buildConfigurationList = F930CA8A20571D750062B2AC /* Build configuration list for PBXNativeTarget "PospaneWatch" */;
			buildPhases = (
				59DCB1C5B31421A1E7CD61CF /* [CP] Check Pods Manifest.lock */,
				F930CA6220571D750062B2AC /* Resources */,
				F930CA8920571D750062B2AC /* Embed App Extensions */,
				467F767AF8D20F0DF644DF5C /* Frameworks */,
				4261485164AEEC23C1A4877F /* [CP] Copy Pods Resources */,
			);
			buildRules = (
			);
			dependencies = (
				F930CA7320571D750062B2AC /* PBXTargetDependency */,
			);
			name = PospaneWatch;
			productName = PospaneWatch;
			productReference = F930CA6420571D750062B2AC /* PospaneWatch.app */;
			productType = "com.apple.product-type.application.watchapp2";
		};
		F930CA6F20571D750062B2AC /* PospaneWatch Extension */ = {
			isa = PBXNativeTarget;
			buildConfigurationList = F930CA8820571D750062B2AC /* Build configuration list for PBXNativeTarget "PospaneWatch Extension" */;
			buildPhases = (
				65BDE2AC4ECA1A002D1C9C42 /* [CP] Check Pods Manifest.lock */,
				F930CA6C20571D750062B2AC /* Sources */,
				F930CA6D20571D750062B2AC /* Frameworks */,
				F930CA6E20571D750062B2AC /* Resources */,
				9B1265E07F4CD2EBA55B22B3 /* [CP] Embed Pods Frameworks */,
				39BE54627C5D684AC7FB19D2 /* [CP] Copy Pods Resources */,
			);
			buildRules = (
			);
			dependencies = (
			);
			name = "PospaneWatch Extension";
			productName = "PospaneWatch Extension";
			productReference = F930CA7020571D750062B2AC /* PospaneWatch Extension.appex */;
			productType = "com.apple.product-type.watchkit2-extension";
		};
/* End PBXNativeTarget section */

/* Begin PBXProject section */
		F930CA2320571B4B0062B2AC /* Project object */ = {
			isa = PBXProject;
			attributes = {
				LastSwiftUpdateCheck = 0920;
				LastUpgradeCheck = 0920;
				ORGANIZATIONNAME = "Carste IT";
				TargetAttributes = {
					F930CA2A20571B4B0062B2AC = {
						CreatedOnToolsVersion = 9.2;
						ProvisioningStyle = Automatic;
						SystemCapabilities = {
							com.apple.HealthKit = {
								enabled = 1;
							};
						};
					};
					F930CA4020571B4B0062B2AC = {
						CreatedOnToolsVersion = 9.2;
						ProvisioningStyle = Automatic;
						TestTargetID = F930CA2A20571B4B0062B2AC;
					};
					F930CA4B20571B4B0062B2AC = {
						CreatedOnToolsVersion = 9.2;
						ProvisioningStyle = Automatic;
						TestTargetID = F930CA2A20571B4B0062B2AC;
					};
					F930CA6320571D750062B2AC = {
						CreatedOnToolsVersion = 9.2;
						LastSwiftMigration = 0920;
						ProvisioningStyle = Automatic;
					};
					F930CA6F20571D750062B2AC = {
						CreatedOnToolsVersion = 9.2;
						ProvisioningStyle = Automatic;
						SystemCapabilities = {
							com.apple.HealthKit.watchos = {
								enabled = 1;
							};
						};
					};
				};
			};
			buildConfigurationList = F930CA2620571B4B0062B2AC /* Build configuration list for PBXProject "Pospane" */;
			compatibilityVersion = "Xcode 8.0";
			developmentRegion = en;
			hasScannedForEncodings = 0;
			knownRegions = (
				en,
				Base,
			);
			mainGroup = F930CA2220571B4B0062B2AC;
			productRefGroup = F930CA2C20571B4B0062B2AC /* Products */;
			projectDirPath = "";
			projectRoot = "";
			targets = (
				F930CA2A20571B4B0062B2AC /* Pospane */,
				F930CA4020571B4B0062B2AC /* PospaneTests */,
				F930CA4B20571B4B0062B2AC /* PospaneUITests */,
				F930CA6320571D750062B2AC /* PospaneWatch */,
				F930CA6F20571D750062B2AC /* PospaneWatch Extension */,
			);
		};
/* End PBXProject section */

/* Begin PBXResourcesBuildPhase section */
		F930CA2920571B4B0062B2AC /* Resources */ = {
			isa = PBXResourcesBuildPhase;
			buildActionMask = 2147483647;
			files = (
				F919F3ED20B0A7A800C611D9 /* Sleeping.plist in Resources */,
				F930CA3B20571B4B0062B2AC /* LaunchScreen.storyboard in Resources */,
				F930CA3820571B4B0062B2AC /* Assets.xcassets in Resources */,
				F930CA3620571B4B0062B2AC /* Main.storyboard in Resources */,
				F9CCF0EF2067B38E001D90D2 /* Onboarding.storyboard in Resources */,
			);
			runOnlyForDeploymentPostprocessing = 0;
		};
		F930CA3F20571B4B0062B2AC /* Resources */ = {
			isa = PBXResourcesBuildPhase;
			buildActionMask = 2147483647;
			files = (
			);
			runOnlyForDeploymentPostprocessing = 0;
		};
		F930CA4A20571B4B0062B2AC /* Resources */ = {
			isa = PBXResourcesBuildPhase;
			buildActionMask = 2147483647;
			files = (
			);
			runOnlyForDeploymentPostprocessing = 0;
		};
		F930CA6220571D750062B2AC /* Resources */ = {
			isa = PBXResourcesBuildPhase;
			buildActionMask = 2147483647;
			files = (
				F930CA6A20571D750062B2AC /* Assets.xcassets in Resources */,
				F930CA6820571D750062B2AC /* Interface.storyboard in Resources */,
				F9DDFB11207FE1070037ECBC /* Sleeping.plist in Resources */,
			);
			runOnlyForDeploymentPostprocessing = 0;
		};
		F930CA6E20571D750062B2AC /* Resources */ = {
			isa = PBXResourcesBuildPhase;
			buildActionMask = 2147483647;
			files = (
				F930CA7E20571D750062B2AC /* Assets.xcassets in Resources */,
				F919F3EC20B0A6F900C611D9 /* Sleeping.plist in Resources */,
			);
			runOnlyForDeploymentPostprocessing = 0;
		};
/* End PBXResourcesBuildPhase section */

/* Begin PBXShellScriptBuildPhase section */
		195B7BCCE1AABEA60FE8FCD2 /* [CP] Embed Pods Frameworks */ = {
			isa = PBXShellScriptBuildPhase;
			buildActionMask = 2147483647;
			files = (
			);
			inputPaths = (
			);
			name = "[CP] Embed Pods Frameworks";
			outputPaths = (
			);
			runOnlyForDeploymentPostprocessing = 0;
			shellPath = /bin/sh;
			shellScript = "\"${SRCROOT}/Pods/Target Support Files/Pods-PospaneUITests/Pods-PospaneUITests-frameworks.sh\"\n";
			showEnvVarsInLog = 0;
		};
		39BE54627C5D684AC7FB19D2 /* [CP] Copy Pods Resources */ = {
			isa = PBXShellScriptBuildPhase;
			buildActionMask = 2147483647;
			files = (
			);
			inputPaths = (
			);
			name = "[CP] Copy Pods Resources";
			outputPaths = (
			);
			runOnlyForDeploymentPostprocessing = 0;
			shellPath = /bin/sh;
			shellScript = "\"${SRCROOT}/Pods/Target Support Files/Pods-PospaneWatch Extension/Pods-PospaneWatch Extension-resources.sh\"\n";
			showEnvVarsInLog = 0;
		};
		414402A99B4B6DB8C238D261 /* [CP] Embed Pods Frameworks */ = {
			isa = PBXShellScriptBuildPhase;
			buildActionMask = 2147483647;
			files = (
			);
			inputPaths = (
			);
			name = "[CP] Embed Pods Frameworks";
			outputPaths = (
			);
			runOnlyForDeploymentPostprocessing = 0;
			shellPath = /bin/sh;
			shellScript = "\"${SRCROOT}/Pods/Target Support Files/Pods-PospaneTests/Pods-PospaneTests-frameworks.sh\"\n";
			showEnvVarsInLog = 0;
		};
		4261485164AEEC23C1A4877F /* [CP] Copy Pods Resources */ = {
			isa = PBXShellScriptBuildPhase;
			buildActionMask = 2147483647;
			files = (
			);
			inputPaths = (
			);
			name = "[CP] Copy Pods Resources";
			outputPaths = (
			);
			runOnlyForDeploymentPostprocessing = 0;
			shellPath = /bin/sh;
			shellScript = "\"${SRCROOT}/Pods/Target Support Files/Pods-PospaneWatch/Pods-PospaneWatch-resources.sh\"\n";
			showEnvVarsInLog = 0;
		};
		477EC0DCE573AFD17422ACC8 /* [CP] Copy Pods Resources */ = {
			isa = PBXShellScriptBuildPhase;
			buildActionMask = 2147483647;
			files = (
			);
			inputPaths = (
			);
			name = "[CP] Copy Pods Resources";
			outputPaths = (
			);
			runOnlyForDeploymentPostprocessing = 0;
			shellPath = /bin/sh;
			shellScript = "\"${SRCROOT}/Pods/Target Support Files/Pods-PospaneTests/Pods-PospaneTests-resources.sh\"\n";
			showEnvVarsInLog = 0;
		};
		59DCB1C5B31421A1E7CD61CF /* [CP] Check Pods Manifest.lock */ = {
			isa = PBXShellScriptBuildPhase;
			buildActionMask = 2147483647;
			files = (
			);
			inputPaths = (
				"${PODS_PODFILE_DIR_PATH}/Podfile.lock",
				"${PODS_ROOT}/Manifest.lock",
			);
			name = "[CP] Check Pods Manifest.lock";
			outputPaths = (
				"$(DERIVED_FILE_DIR)/Pods-PospaneWatch-checkManifestLockResult.txt",
			);
			runOnlyForDeploymentPostprocessing = 0;
			shellPath = /bin/sh;
			shellScript = "diff \"${PODS_PODFILE_DIR_PATH}/Podfile.lock\" \"${PODS_ROOT}/Manifest.lock\" > /dev/null\nif [ $? != 0 ] ; then\n    # print error to STDERR\n    echo \"error: The sandbox is not in sync with the Podfile.lock. Run 'pod install' or update your CocoaPods installation.\" >&2\n    exit 1\nfi\n# This output is used by Xcode 'outputs' to avoid re-running this script phase.\necho \"SUCCESS\" > \"${SCRIPT_OUTPUT_FILE_0}\"\n";
			showEnvVarsInLog = 0;
		};
		65BDE2AC4ECA1A002D1C9C42 /* [CP] Check Pods Manifest.lock */ = {
			isa = PBXShellScriptBuildPhase;
			buildActionMask = 2147483647;
			files = (
			);
			inputPaths = (
				"${PODS_PODFILE_DIR_PATH}/Podfile.lock",
				"${PODS_ROOT}/Manifest.lock",
			);
			name = "[CP] Check Pods Manifest.lock";
			outputPaths = (
				"$(DERIVED_FILE_DIR)/Pods-PospaneWatch Extension-checkManifestLockResult.txt",
			);
			runOnlyForDeploymentPostprocessing = 0;
			shellPath = /bin/sh;
			shellScript = "diff \"${PODS_PODFILE_DIR_PATH}/Podfile.lock\" \"${PODS_ROOT}/Manifest.lock\" > /dev/null\nif [ $? != 0 ] ; then\n    # print error to STDERR\n    echo \"error: The sandbox is not in sync with the Podfile.lock. Run 'pod install' or update your CocoaPods installation.\" >&2\n    exit 1\nfi\n# This output is used by Xcode 'outputs' to avoid re-running this script phase.\necho \"SUCCESS\" > \"${SCRIPT_OUTPUT_FILE_0}\"\n";
			showEnvVarsInLog = 0;
		};
		6B5FF28544597BD69260AF8C /* [CP] Copy Pods Resources */ = {
			isa = PBXShellScriptBuildPhase;
			buildActionMask = 2147483647;
			files = (
			);
			inputPaths = (
			);
			name = "[CP] Copy Pods Resources";
			outputPaths = (
			);
			runOnlyForDeploymentPostprocessing = 0;
			shellPath = /bin/sh;
			shellScript = "\"${SRCROOT}/Pods/Target Support Files/Pods-PospaneUITests/Pods-PospaneUITests-resources.sh\"\n";
			showEnvVarsInLog = 0;
		};
		707E1A9D7BCF1B99F6B7CB44 /* [CP] Copy Pods Resources */ = {
			isa = PBXShellScriptBuildPhase;
			buildActionMask = 2147483647;
			files = (
			);
			inputPaths = (
			);
			name = "[CP] Copy Pods Resources";
			outputPaths = (
			);
			runOnlyForDeploymentPostprocessing = 0;
			shellPath = /bin/sh;
			shellScript = "\"${SRCROOT}/Pods/Target Support Files/Pods-Pospane/Pods-Pospane-resources.sh\"\n";
			showEnvVarsInLog = 0;
		};
		739443D59B4119C6933401E2 /* [CP] Embed Pods Frameworks */ = {
			isa = PBXShellScriptBuildPhase;
			buildActionMask = 2147483647;
			files = (
			);
			inputPaths = (
				"${SRCROOT}/Pods/Target Support Files/Pods-Pospane/Pods-Pospane-frameworks.sh",
				"${BUILT_PRODUCTS_DIR}/Font-Awesome-Swift/Font_Awesome_Swift.framework",
				"${BUILT_PRODUCTS_DIR}/SIAlertView/SIAlertView.framework",
				"${BUILT_PRODUCTS_DIR}/TPKeyboardAvoiding/TPKeyboardAvoiding.framework",
			);
			name = "[CP] Embed Pods Frameworks";
			outputPaths = (
				"${TARGET_BUILD_DIR}/${FRAMEWORKS_FOLDER_PATH}/Font_Awesome_Swift.framework",
				"${TARGET_BUILD_DIR}/${FRAMEWORKS_FOLDER_PATH}/SIAlertView.framework",
				"${TARGET_BUILD_DIR}/${FRAMEWORKS_FOLDER_PATH}/TPKeyboardAvoiding.framework",
			);
			runOnlyForDeploymentPostprocessing = 0;
			shellPath = /bin/sh;
			shellScript = "\"${SRCROOT}/Pods/Target Support Files/Pods-Pospane/Pods-Pospane-frameworks.sh\"\n";
			showEnvVarsInLog = 0;
		};
		828A2AF8FA71DE7DB7876FD7 /* [CP] Check Pods Manifest.lock */ = {
			isa = PBXShellScriptBuildPhase;
			buildActionMask = 2147483647;
			files = (
			);
			inputPaths = (
				"${PODS_PODFILE_DIR_PATH}/Podfile.lock",
				"${PODS_ROOT}/Manifest.lock",
			);
			name = "[CP] Check Pods Manifest.lock";
			outputPaths = (
				"$(DERIVED_FILE_DIR)/Pods-PospaneUITests-checkManifestLockResult.txt",
			);
			runOnlyForDeploymentPostprocessing = 0;
			shellPath = /bin/sh;
			shellScript = "diff \"${PODS_PODFILE_DIR_PATH}/Podfile.lock\" \"${PODS_ROOT}/Manifest.lock\" > /dev/null\nif [ $? != 0 ] ; then\n    # print error to STDERR\n    echo \"error: The sandbox is not in sync with the Podfile.lock. Run 'pod install' or update your CocoaPods installation.\" >&2\n    exit 1\nfi\n# This output is used by Xcode 'outputs' to avoid re-running this script phase.\necho \"SUCCESS\" > \"${SCRIPT_OUTPUT_FILE_0}\"\n";
			showEnvVarsInLog = 0;
		};
		87E7222BE609BA59694C14CB /* [CP] Check Pods Manifest.lock */ = {
			isa = PBXShellScriptBuildPhase;
			buildActionMask = 2147483647;
			files = (
			);
			inputPaths = (
				"${PODS_PODFILE_DIR_PATH}/Podfile.lock",
				"${PODS_ROOT}/Manifest.lock",
			);
			name = "[CP] Check Pods Manifest.lock";
			outputPaths = (
				"$(DERIVED_FILE_DIR)/Pods-PospaneTests-checkManifestLockResult.txt",
			);
			runOnlyForDeploymentPostprocessing = 0;
			shellPath = /bin/sh;
			shellScript = "diff \"${PODS_PODFILE_DIR_PATH}/Podfile.lock\" \"${PODS_ROOT}/Manifest.lock\" > /dev/null\nif [ $? != 0 ] ; then\n    # print error to STDERR\n    echo \"error: The sandbox is not in sync with the Podfile.lock. Run 'pod install' or update your CocoaPods installation.\" >&2\n    exit 1\nfi\n# This output is used by Xcode 'outputs' to avoid re-running this script phase.\necho \"SUCCESS\" > \"${SCRIPT_OUTPUT_FILE_0}\"\n";
			showEnvVarsInLog = 0;
		};
		9B1265E07F4CD2EBA55B22B3 /* [CP] Embed Pods Frameworks */ = {
			isa = PBXShellScriptBuildPhase;
			buildActionMask = 2147483647;
			files = (
			);
			inputPaths = (
				"${SRCROOT}/Pods/Target Support Files/Pods-PospaneWatch Extension/Pods-PospaneWatch Extension-frameworks.sh",
				"${BUILT_PRODUCTS_DIR}/SIAlertView/SIAlertView.framework",
				"${BUILT_PRODUCTS_DIR}/TPKeyboardAvoiding/TPKeyboardAvoiding.framework",
			);
			name = "[CP] Embed Pods Frameworks";
			outputPaths = (
				"${TARGET_BUILD_DIR}/${FRAMEWORKS_FOLDER_PATH}/SIAlertView.framework",
				"${TARGET_BUILD_DIR}/${FRAMEWORKS_FOLDER_PATH}/TPKeyboardAvoiding.framework",
			);
			runOnlyForDeploymentPostprocessing = 0;
			shellPath = /bin/sh;
			shellScript = "\"${SRCROOT}/Pods/Target Support Files/Pods-PospaneWatch Extension/Pods-PospaneWatch Extension-frameworks.sh\"\n";
			showEnvVarsInLog = 0;
		};
		AFC86357BC090A686B93C6FE /* [CP] Check Pods Manifest.lock */ = {
			isa = PBXShellScriptBuildPhase;
			buildActionMask = 2147483647;
			files = (
			);
			inputPaths = (
				"${PODS_PODFILE_DIR_PATH}/Podfile.lock",
				"${PODS_ROOT}/Manifest.lock",
			);
			name = "[CP] Check Pods Manifest.lock";
			outputPaths = (
				"$(DERIVED_FILE_DIR)/Pods-Pospane-checkManifestLockResult.txt",
			);
			runOnlyForDeploymentPostprocessing = 0;
			shellPath = /bin/sh;
			shellScript = "diff \"${PODS_PODFILE_DIR_PATH}/Podfile.lock\" \"${PODS_ROOT}/Manifest.lock\" > /dev/null\nif [ $? != 0 ] ; then\n    # print error to STDERR\n    echo \"error: The sandbox is not in sync with the Podfile.lock. Run 'pod install' or update your CocoaPods installation.\" >&2\n    exit 1\nfi\n# This output is used by Xcode 'outputs' to avoid re-running this script phase.\necho \"SUCCESS\" > \"${SCRIPT_OUTPUT_FILE_0}\"\n";
			showEnvVarsInLog = 0;
		};
		F93E570420598164000BFFA0 /* SwiftLint */ = {
			isa = PBXShellScriptBuildPhase;
			buildActionMask = 2147483647;
			files = (
			);
			inputPaths = (
			);
			name = SwiftLint;
			outputPaths = (
			);
			runOnlyForDeploymentPostprocessing = 0;
			shellPath = /bin/sh;
			shellScript = "";
		};
/* End PBXShellScriptBuildPhase section */

/* Begin PBXSourcesBuildPhase section */
		F930CA2720571B4B0062B2AC /* Sources */ = {
			isa = PBXSourcesBuildPhase;
			buildActionMask = 2147483647;
			files = (
				F930CA3320571B4B0062B2AC /* StatisticsViewController.swift in Sources */,
				F94C681C20740500003E9FCE /* SleepModel.xcdatamodeld in Sources */,
				F9A788502067E9CD00513B1A /* Appearance.swift in Sources */,
				F930CA2F20571B4B0062B2AC /* AppDelegate.swift in Sources */,
				F9A7884D2067E69600513B1A /* HealthKitOnbardingViewController.swift in Sources */,
				F94C681E2074094A003E9FCE /* HistoryViewController.swift in Sources */,
				F9A7884A2067E69600513B1A /* GetStartedOnbardingViewController.swift in Sources */,
				F930CA3120571B4B0062B2AC /* SleepViewController.swift in Sources */,
				F9A7884C2067E69600513B1A /* PageViewContainerViewController.swift in Sources */,
				F950B8A52131C25200A4DB7A /* HistoryTableViewCell.swift in Sources */,
				F9A7884B2067E69600513B1A /* NotificationsOnboardingViewController.swift in Sources */,
				F9DED0B6207D514E00202C4E /* Helpers.swift in Sources */,
				F964002520867347009BBA3C /* Constants.swift in Sources */,
				F9D1414E2076B05400667255 /* SleepSession.swift in Sources */,
				F9CCF1002067BB48001D90D2 /* UIConstants.swift in Sources */,
			);
			runOnlyForDeploymentPostprocessing = 0;
		};
		F930CA3D20571B4B0062B2AC /* Sources */ = {
			isa = PBXSourcesBuildPhase;
			buildActionMask = 2147483647;
			files = (
				F930CA4620571B4B0062B2AC /* PospaneTests.swift in Sources */,
				F9CCF1012067BB48001D90D2 /* UIConstants.swift in Sources */,
			);
			runOnlyForDeploymentPostprocessing = 0;
		};
		F930CA4820571B4B0062B2AC /* Sources */ = {
			isa = PBXSourcesBuildPhase;
			buildActionMask = 2147483647;
			files = (
				F930CA5120571B4B0062B2AC /* PospaneUITests.swift in Sources */,
				F9CCF1022067BB48001D90D2 /* UIConstants.swift in Sources */,
			);
			runOnlyForDeploymentPostprocessing = 0;
		};
		F930CA6C20571D750062B2AC /* Sources */ = {
			isa = PBXSourcesBuildPhase;
			buildActionMask = 2147483647;
			files = (
				F930CA7A20571D750062B2AC /* NotificationController.swift in Sources */,
				F964002620867371009BBA3C /* Constants.swift in Sources */,
				F94C6825207414AD003E9FCE /* AsleepTimeSetterInterfaceController.swift in Sources */,
				F930CA7C20571D750062B2AC /* ComplicationController.swift in Sources */,
				F9DDFB12207FEA970037ECBC /* Helpers.swift in Sources */,
				F94C682120741404003E9FCE /* HistoryInterfaceController.swift in Sources */,
				F930CA7820571D750062B2AC /* ExtensionDelegate.swift in Sources */,
				F930CA7620571D750062B2AC /* InterfaceController.swift in Sources */,
				F94C682320741479003E9FCE /* ConfirmInterfaceController.swift in Sources */,
				F9DED0B4207D469F00202C4E /* SleepSession.swift in Sources */,
				F9CCF1032067BB48001D90D2 /* UIConstants.swift in Sources */,
			);
			runOnlyForDeploymentPostprocessing = 0;
		};
/* End PBXSourcesBuildPhase section */

/* Begin PBXTargetDependency section */
		F930CA4320571B4B0062B2AC /* PBXTargetDependency */ = {
			isa = PBXTargetDependency;
			target = F930CA2A20571B4B0062B2AC /* Pospane */;
			targetProxy = F930CA4220571B4B0062B2AC /* PBXContainerItemProxy */;
		};
		F930CA4E20571B4B0062B2AC /* PBXTargetDependency */ = {
			isa = PBXTargetDependency;
			target = F930CA2A20571B4B0062B2AC /* Pospane */;
			targetProxy = F930CA4D20571B4B0062B2AC /* PBXContainerItemProxy */;
		};
		F930CA7320571D750062B2AC /* PBXTargetDependency */ = {
			isa = PBXTargetDependency;
			target = F930CA6F20571D750062B2AC /* PospaneWatch Extension */;
			targetProxy = F930CA7220571D750062B2AC /* PBXContainerItemProxy */;
		};
		F930CA8220571D750062B2AC /* PBXTargetDependency */ = {
			isa = PBXTargetDependency;
			target = F930CA6320571D750062B2AC /* PospaneWatch */;
			targetProxy = F930CA8120571D750062B2AC /* PBXContainerItemProxy */;
		};
/* End PBXTargetDependency section */

/* Begin PBXVariantGroup section */
		F930CA3420571B4B0062B2AC /* Main.storyboard */ = {
			isa = PBXVariantGroup;
			children = (
				F930CA3520571B4B0062B2AC /* Base */,
			);
			name = Main.storyboard;
			sourceTree = "<group>";
		};
		F930CA3920571B4B0062B2AC /* LaunchScreen.storyboard */ = {
			isa = PBXVariantGroup;
			children = (
				F930CA3A20571B4B0062B2AC /* Base */,
			);
			name = LaunchScreen.storyboard;
			sourceTree = "<group>";
		};
		F930CA6620571D750062B2AC /* Interface.storyboard */ = {
			isa = PBXVariantGroup;
			children = (
				F930CA6720571D750062B2AC /* Base */,
			);
			name = Interface.storyboard;
			sourceTree = "<group>";
		};
/* End PBXVariantGroup section */

/* Begin XCBuildConfiguration section */
		F930CA5320571B4B0062B2AC /* Debug */ = {
			isa = XCBuildConfiguration;
			buildSettings = {
				ALWAYS_SEARCH_USER_PATHS = NO;
				CLANG_ANALYZER_NONNULL = YES;
				CLANG_ANALYZER_NUMBER_OBJECT_CONVERSION = YES_AGGRESSIVE;
				CLANG_CXX_LANGUAGE_STANDARD = "gnu++14";
				CLANG_CXX_LIBRARY = "libc++";
				CLANG_ENABLE_MODULES = YES;
				CLANG_ENABLE_OBJC_ARC = YES;
				CLANG_WARN_BLOCK_CAPTURE_AUTORELEASING = YES;
				CLANG_WARN_BOOL_CONVERSION = YES;
				CLANG_WARN_COMMA = YES;
				CLANG_WARN_CONSTANT_CONVERSION = YES;
				CLANG_WARN_DIRECT_OBJC_ISA_USAGE = YES_ERROR;
				CLANG_WARN_DOCUMENTATION_COMMENTS = YES;
				CLANG_WARN_EMPTY_BODY = YES;
				CLANG_WARN_ENUM_CONVERSION = YES;
				CLANG_WARN_INFINITE_RECURSION = YES;
				CLANG_WARN_INT_CONVERSION = YES;
				CLANG_WARN_NON_LITERAL_NULL_CONVERSION = YES;
				CLANG_WARN_OBJC_LITERAL_CONVERSION = YES;
				CLANG_WARN_OBJC_ROOT_CLASS = YES_ERROR;
				CLANG_WARN_RANGE_LOOP_ANALYSIS = YES;
				CLANG_WARN_STRICT_PROTOTYPES = YES;
				CLANG_WARN_SUSPICIOUS_MOVE = YES;
				CLANG_WARN_UNGUARDED_AVAILABILITY = YES_AGGRESSIVE;
				CLANG_WARN_UNREACHABLE_CODE = YES;
				CLANG_WARN__DUPLICATE_METHOD_MATCH = YES;
				CODE_SIGN_IDENTITY = "iPhone Developer";
				COPY_PHASE_STRIP = NO;
				DEBUG_INFORMATION_FORMAT = dwarf;
				ENABLE_STRICT_OBJC_MSGSEND = YES;
				ENABLE_TESTABILITY = YES;
				GCC_C_LANGUAGE_STANDARD = gnu11;
				GCC_DYNAMIC_NO_PIC = NO;
				GCC_NO_COMMON_BLOCKS = YES;
				GCC_OPTIMIZATION_LEVEL = 0;
				GCC_PREPROCESSOR_DEFINITIONS = (
					"DEBUG=1",
					"$(inherited)",
				);
				GCC_WARN_64_TO_32_BIT_CONVERSION = YES;
				GCC_WARN_ABOUT_RETURN_TYPE = YES_ERROR;
				GCC_WARN_UNDECLARED_SELECTOR = YES;
				GCC_WARN_UNINITIALIZED_AUTOS = YES_AGGRESSIVE;
				GCC_WARN_UNUSED_FUNCTION = YES;
				GCC_WARN_UNUSED_VARIABLE = YES;
				IPHONEOS_DEPLOYMENT_TARGET = 11.2;
				MTL_ENABLE_DEBUG_INFO = YES;
				ONLY_ACTIVE_ARCH = YES;
				SDKROOT = iphoneos;
				SWIFT_ACTIVE_COMPILATION_CONDITIONS = DEBUG;
				SWIFT_OPTIMIZATION_LEVEL = "-Onone";
			};
			name = Debug;
		};
		F930CA5420571B4B0062B2AC /* Release */ = {
			isa = XCBuildConfiguration;
			buildSettings = {
				ALWAYS_SEARCH_USER_PATHS = NO;
				CLANG_ANALYZER_NONNULL = YES;
				CLANG_ANALYZER_NUMBER_OBJECT_CONVERSION = YES_AGGRESSIVE;
				CLANG_CXX_LANGUAGE_STANDARD = "gnu++14";
				CLANG_CXX_LIBRARY = "libc++";
				CLANG_ENABLE_MODULES = YES;
				CLANG_ENABLE_OBJC_ARC = YES;
				CLANG_WARN_BLOCK_CAPTURE_AUTORELEASING = YES;
				CLANG_WARN_BOOL_CONVERSION = YES;
				CLANG_WARN_COMMA = YES;
				CLANG_WARN_CONSTANT_CONVERSION = YES;
				CLANG_WARN_DIRECT_OBJC_ISA_USAGE = YES_ERROR;
				CLANG_WARN_DOCUMENTATION_COMMENTS = YES;
				CLANG_WARN_EMPTY_BODY = YES;
				CLANG_WARN_ENUM_CONVERSION = YES;
				CLANG_WARN_INFINITE_RECURSION = YES;
				CLANG_WARN_INT_CONVERSION = YES;
				CLANG_WARN_NON_LITERAL_NULL_CONVERSION = YES;
				CLANG_WARN_OBJC_LITERAL_CONVERSION = YES;
				CLANG_WARN_OBJC_ROOT_CLASS = YES_ERROR;
				CLANG_WARN_RANGE_LOOP_ANALYSIS = YES;
				CLANG_WARN_STRICT_PROTOTYPES = YES;
				CLANG_WARN_SUSPICIOUS_MOVE = YES;
				CLANG_WARN_UNGUARDED_AVAILABILITY = YES_AGGRESSIVE;
				CLANG_WARN_UNREACHABLE_CODE = YES;
				CLANG_WARN__DUPLICATE_METHOD_MATCH = YES;
				CODE_SIGN_IDENTITY = "iPhone Developer";
				COPY_PHASE_STRIP = NO;
				DEBUG_INFORMATION_FORMAT = "dwarf-with-dsym";
				ENABLE_NS_ASSERTIONS = NO;
				ENABLE_STRICT_OBJC_MSGSEND = YES;
				GCC_C_LANGUAGE_STANDARD = gnu11;
				GCC_NO_COMMON_BLOCKS = YES;
				GCC_WARN_64_TO_32_BIT_CONVERSION = YES;
				GCC_WARN_ABOUT_RETURN_TYPE = YES_ERROR;
				GCC_WARN_UNDECLARED_SELECTOR = YES;
				GCC_WARN_UNINITIALIZED_AUTOS = YES_AGGRESSIVE;
				GCC_WARN_UNUSED_FUNCTION = YES;
				GCC_WARN_UNUSED_VARIABLE = YES;
				IPHONEOS_DEPLOYMENT_TARGET = 11.2;
				MTL_ENABLE_DEBUG_INFO = NO;
				SDKROOT = iphoneos;
				SWIFT_OPTIMIZATION_LEVEL = "-Owholemodule";
				VALIDATE_PRODUCT = YES;
			};
			name = Release;
		};
		F930CA5620571B4B0062B2AC /* Debug */ = {
			isa = XCBuildConfiguration;
			baseConfigurationReference = 7DC077CC482D20B5DB129E2C /* Pods-Pospane.debug.xcconfig */;
			buildSettings = {
				ASSETCATALOG_COMPILER_APPICON_NAME = AppIcon;
				CODE_SIGN_ENTITLEMENTS = Pospane/Pospane.entitlements;
				CODE_SIGN_STYLE = Automatic;
				DEVELOPMENT_TEAM = K93H863522;
				INFOPLIST_FILE = Pospane/Info.plist;
				LD_RUNPATH_SEARCH_PATHS = "$(inherited) @executable_path/Frameworks";
				PRODUCT_BUNDLE_IDENTIFIER = it.carste.Pospane;
				PRODUCT_NAME = "$(TARGET_NAME)";
				SWIFT_VERSION = 4.0;
				TARGETED_DEVICE_FAMILY = "1,2";
			};
			name = Debug;
		};
		F930CA5720571B4B0062B2AC /* Release */ = {
			isa = XCBuildConfiguration;
			baseConfigurationReference = A810633CD0766BFBEF17A87A /* Pods-Pospane.release.xcconfig */;
			buildSettings = {
				ASSETCATALOG_COMPILER_APPICON_NAME = AppIcon;
				CODE_SIGN_ENTITLEMENTS = Pospane/Pospane.entitlements;
				CODE_SIGN_STYLE = Automatic;
				DEVELOPMENT_TEAM = K93H863522;
				INFOPLIST_FILE = Pospane/Info.plist;
				LD_RUNPATH_SEARCH_PATHS = "$(inherited) @executable_path/Frameworks";
				PRODUCT_BUNDLE_IDENTIFIER = it.carste.Pospane;
				PRODUCT_NAME = "$(TARGET_NAME)";
				SWIFT_VERSION = 4.0;
				TARGETED_DEVICE_FAMILY = "1,2";
			};
			name = Release;
		};
		F930CA5920571B4B0062B2AC /* Debug */ = {
			isa = XCBuildConfiguration;
			baseConfigurationReference = 44B97406A5AC775A7666436C /* Pods-PospaneTests.debug.xcconfig */;
			buildSettings = {
				ALWAYS_EMBED_SWIFT_STANDARD_LIBRARIES = YES;
				BUNDLE_LOADER = "$(TEST_HOST)";
				CODE_SIGN_STYLE = Automatic;
				DEVELOPMENT_TEAM = K93H863522;
				INFOPLIST_FILE = PospaneTests/Info.plist;
				LD_RUNPATH_SEARCH_PATHS = "$(inherited) @executable_path/Frameworks @loader_path/Frameworks";
				PRODUCT_BUNDLE_IDENTIFIER = it.carste.PospaneTests;
				PRODUCT_NAME = "$(TARGET_NAME)";
				SWIFT_VERSION = 4.0;
				TARGETED_DEVICE_FAMILY = "1,2";
				TEST_HOST = "$(BUILT_PRODUCTS_DIR)/Pospane.app/Pospane";
			};
			name = Debug;
		};
		F930CA5A20571B4B0062B2AC /* Release */ = {
			isa = XCBuildConfiguration;
			baseConfigurationReference = 80FD0F48CEBE13BEBBED9EBE /* Pods-PospaneTests.release.xcconfig */;
			buildSettings = {
				ALWAYS_EMBED_SWIFT_STANDARD_LIBRARIES = YES;
				BUNDLE_LOADER = "$(TEST_HOST)";
				CODE_SIGN_STYLE = Automatic;
				DEVELOPMENT_TEAM = K93H863522;
				INFOPLIST_FILE = PospaneTests/Info.plist;
				LD_RUNPATH_SEARCH_PATHS = "$(inherited) @executable_path/Frameworks @loader_path/Frameworks";
				PRODUCT_BUNDLE_IDENTIFIER = it.carste.PospaneTests;
				PRODUCT_NAME = "$(TARGET_NAME)";
				SWIFT_VERSION = 4.0;
				TARGETED_DEVICE_FAMILY = "1,2";
				TEST_HOST = "$(BUILT_PRODUCTS_DIR)/Pospane.app/Pospane";
			};
			name = Release;
		};
		F930CA5C20571B4B0062B2AC /* Debug */ = {
			isa = XCBuildConfiguration;
			baseConfigurationReference = 5ADCD997244BB55689D3925E /* Pods-PospaneUITests.debug.xcconfig */;
			buildSettings = {
				ALWAYS_EMBED_SWIFT_STANDARD_LIBRARIES = YES;
				CODE_SIGN_STYLE = Automatic;
				DEVELOPMENT_TEAM = K93H863522;
				INFOPLIST_FILE = PospaneUITests/Info.plist;
				LD_RUNPATH_SEARCH_PATHS = "$(inherited) @executable_path/Frameworks @loader_path/Frameworks";
				PRODUCT_BUNDLE_IDENTIFIER = it.carste.PospaneUITests;
				PRODUCT_NAME = "$(TARGET_NAME)";
				SWIFT_VERSION = 4.0;
				TARGETED_DEVICE_FAMILY = "1,2";
				TEST_TARGET_NAME = Pospane;
			};
			name = Debug;
		};
		F930CA5D20571B4B0062B2AC /* Release */ = {
			isa = XCBuildConfiguration;
			baseConfigurationReference = A761A98E13F87582742942A6 /* Pods-PospaneUITests.release.xcconfig */;
			buildSettings = {
				ALWAYS_EMBED_SWIFT_STANDARD_LIBRARIES = YES;
				CODE_SIGN_STYLE = Automatic;
				DEVELOPMENT_TEAM = K93H863522;
				INFOPLIST_FILE = PospaneUITests/Info.plist;
				LD_RUNPATH_SEARCH_PATHS = "$(inherited) @executable_path/Frameworks @loader_path/Frameworks";
				PRODUCT_BUNDLE_IDENTIFIER = it.carste.PospaneUITests;
				PRODUCT_NAME = "$(TARGET_NAME)";
				SWIFT_VERSION = 4.0;
				TARGETED_DEVICE_FAMILY = "1,2";
				TEST_TARGET_NAME = Pospane;
			};
			name = Release;
		};
		F930CA8420571D750062B2AC /* Debug */ = {
			isa = XCBuildConfiguration;
			baseConfigurationReference = C3CB844DCC579A53CD984013 /* Pods-PospaneWatch.debug.xcconfig */;
			buildSettings = {
				ALWAYS_EMBED_SWIFT_STANDARD_LIBRARIES = YES;
				ASSETCATALOG_COMPILER_APPICON_NAME = AppIcon;
				CLANG_ENABLE_MODULES = YES;
				CODE_SIGN_STYLE = Automatic;
				DEVELOPMENT_TEAM = K93H863522;
				IBSC_MODULE = PospaneWatch_Extension;
				INFOPLIST_FILE = PospaneWatch/Info.plist;
				LD_RUNPATH_SEARCH_PATHS = "$(inherited) @executable_path/../Frameworks @loader_path/../Frameworks";
				PRODUCT_BUNDLE_IDENTIFIER = it.carste.Pospane.watchkitapp;
				PRODUCT_NAME = "$(TARGET_NAME)";
				SDKROOT = watchos;
				SKIP_INSTALL = YES;
				SWIFT_OBJC_BRIDGING_HEADER = "Pospane/Common/PospaneWatch-Bridging-Header.h";
				SWIFT_OPTIMIZATION_LEVEL = "-Onone";
				SWIFT_VERSION = 4.0;
				TARGETED_DEVICE_FAMILY = 4;
				WATCHOS_DEPLOYMENT_TARGET = 4.2;
			};
			name = Debug;
		};
		F930CA8520571D750062B2AC /* Release */ = {
			isa = XCBuildConfiguration;
			baseConfigurationReference = 162BEBB6CD8F55392CA7FB9C /* Pods-PospaneWatch.release.xcconfig */;
			buildSettings = {
				ALWAYS_EMBED_SWIFT_STANDARD_LIBRARIES = YES;
				ASSETCATALOG_COMPILER_APPICON_NAME = AppIcon;
				CLANG_ENABLE_MODULES = YES;
				CODE_SIGN_STYLE = Automatic;
				DEVELOPMENT_TEAM = K93H863522;
				IBSC_MODULE = PospaneWatch_Extension;
				INFOPLIST_FILE = PospaneWatch/Info.plist;
				LD_RUNPATH_SEARCH_PATHS = "$(inherited) @executable_path/../Frameworks @loader_path/../Frameworks";
				PRODUCT_BUNDLE_IDENTIFIER = it.carste.Pospane.watchkitapp;
				PRODUCT_NAME = "$(TARGET_NAME)";
				SDKROOT = watchos;
				SKIP_INSTALL = YES;
				SWIFT_OBJC_BRIDGING_HEADER = "Pospane/Common/PospaneWatch-Bridging-Header.h";
				SWIFT_VERSION = 4.0;
				TARGETED_DEVICE_FAMILY = 4;
				WATCHOS_DEPLOYMENT_TARGET = 4.2;
			};
			name = Release;
		};
		F930CA8620571D750062B2AC /* Debug */ = {
			isa = XCBuildConfiguration;
			baseConfigurationReference = 92717C6AC0916A7E6B85B336 /* Pods-PospaneWatch Extension.debug.xcconfig */;
			buildSettings = {
				ASSETCATALOG_COMPILER_COMPLICATION_NAME = Complication;
				CODE_SIGN_ENTITLEMENTS = "PospaneWatch Extension/PospaneWatch Extension.entitlements";
				CODE_SIGN_STYLE = Automatic;
				DEVELOPMENT_TEAM = K93H863522;
				INFOPLIST_FILE = "PospaneWatch Extension/Info.plist";
				LD_RUNPATH_SEARCH_PATHS = "$(inherited) @executable_path/Frameworks @executable_path/../../Frameworks";
				PRODUCT_BUNDLE_IDENTIFIER = it.carste.Pospane.watchkitapp.watchkitextension;
				PRODUCT_NAME = "${TARGET_NAME}";
				SDKROOT = watchos;
				SKIP_INSTALL = YES;
				SWIFT_VERSION = 4.0;
				TARGETED_DEVICE_FAMILY = 4;
				WATCHOS_DEPLOYMENT_TARGET = 4.2;
			};
			name = Debug;
		};
		F930CA8720571D750062B2AC /* Release */ = {
			isa = XCBuildConfiguration;
			baseConfigurationReference = 8CF13116F3F10259838FC772 /* Pods-PospaneWatch Extension.release.xcconfig */;
			buildSettings = {
				ASSETCATALOG_COMPILER_COMPLICATION_NAME = Complication;
				CODE_SIGN_ENTITLEMENTS = "PospaneWatch Extension/PospaneWatch Extension.entitlements";
				CODE_SIGN_STYLE = Automatic;
				DEVELOPMENT_TEAM = K93H863522;
				INFOPLIST_FILE = "PospaneWatch Extension/Info.plist";
				LD_RUNPATH_SEARCH_PATHS = "$(inherited) @executable_path/Frameworks @executable_path/../../Frameworks";
				PRODUCT_BUNDLE_IDENTIFIER = it.carste.Pospane.watchkitapp.watchkitextension;
				PRODUCT_NAME = "${TARGET_NAME}";
				SDKROOT = watchos;
				SKIP_INSTALL = YES;
				SWIFT_VERSION = 4.0;
				TARGETED_DEVICE_FAMILY = 4;
				WATCHOS_DEPLOYMENT_TARGET = 4.2;
			};
			name = Release;
		};
/* End XCBuildConfiguration section */

/* Begin XCConfigurationList section */
		F930CA2620571B4B0062B2AC /* Build configuration list for PBXProject "Pospane" */ = {
			isa = XCConfigurationList;
			buildConfigurations = (
				F930CA5320571B4B0062B2AC /* Debug */,
				F930CA5420571B4B0062B2AC /* Release */,
			);
			defaultConfigurationIsVisible = 0;
			defaultConfigurationName = Release;
		};
		F930CA5520571B4B0062B2AC /* Build configuration list for PBXNativeTarget "Pospane" */ = {
			isa = XCConfigurationList;
			buildConfigurations = (
				F930CA5620571B4B0062B2AC /* Debug */,
				F930CA5720571B4B0062B2AC /* Release */,
			);
			defaultConfigurationIsVisible = 0;
			defaultConfigurationName = Release;
		};
		F930CA5820571B4B0062B2AC /* Build configuration list for PBXNativeTarget "PospaneTests" */ = {
			isa = XCConfigurationList;
			buildConfigurations = (
				F930CA5920571B4B0062B2AC /* Debug */,
				F930CA5A20571B4B0062B2AC /* Release */,
			);
			defaultConfigurationIsVisible = 0;
			defaultConfigurationName = Release;
		};
		F930CA5B20571B4B0062B2AC /* Build configuration list for PBXNativeTarget "PospaneUITests" */ = {
			isa = XCConfigurationList;
			buildConfigurations = (
				F930CA5C20571B4B0062B2AC /* Debug */,
				F930CA5D20571B4B0062B2AC /* Release */,
			);
			defaultConfigurationIsVisible = 0;
			defaultConfigurationName = Release;
		};
		F930CA8820571D750062B2AC /* Build configuration list for PBXNativeTarget "PospaneWatch Extension" */ = {
			isa = XCConfigurationList;
			buildConfigurations = (
				F930CA8620571D750062B2AC /* Debug */,
				F930CA8720571D750062B2AC /* Release */,
			);
			defaultConfigurationIsVisible = 0;
			defaultConfigurationName = Release;
		};
		F930CA8A20571D750062B2AC /* Build configuration list for PBXNativeTarget "PospaneWatch" */ = {
			isa = XCConfigurationList;
			buildConfigurations = (
				F930CA8420571D750062B2AC /* Debug */,
				F930CA8520571D750062B2AC /* Release */,
			);
			defaultConfigurationIsVisible = 0;
			defaultConfigurationName = Release;
		};
/* End XCConfigurationList section */

/* Begin XCVersionGroup section */
		F94C681A20740500003E9FCE /* SleepModel.xcdatamodeld */ = {
			isa = XCVersionGroup;
			children = (
				F94C681B20740500003E9FCE /* SleepModel.xcdatamodel */,
			);
			currentVersion = F94C681B20740500003E9FCE /* SleepModel.xcdatamodel */;
			path = SleepModel.xcdatamodeld;
			sourceTree = "<group>";
			versionGroupType = wrapper.xcdatamodel;
		};
/* End XCVersionGroup section */
	};
	rootObject = F930CA2320571B4B0062B2AC /* Project object */;
}
